// !$*UTF8*$!
{
	archiveVersion = 1;
	classes = {
	};
	objectVersion = 50;
	objects = {

/* Begin PBXBuildFile section */
		D18082B726EBEC7E00453947 /* WeatherNOWApp.swift in Sources */ = {isa = PBXBuildFile; fileRef = D18082B626EBEC7E00453947 /* WeatherNOWApp.swift */; };
		D18082B926EBEC7E00453947 /* ContentView.swift in Sources */ = {isa = PBXBuildFile; fileRef = D18082B826EBEC7E00453947 /* ContentView.swift */; };
		D18082BB26EBEC8000453947 /* Assets.xcassets in Resources */ = {isa = PBXBuildFile; fileRef = D18082BA26EBEC8000453947 /* Assets.xcassets */; };
		D18082BE26EBEC8000453947 /* Preview Assets.xcassets in Resources */ = {isa = PBXBuildFile; fileRef = D18082BD26EBEC8000453947 /* Preview Assets.xcassets */; };
		D18082CC26F0047300453947 /* WeatherNOW.swift in Sources */ = {isa = PBXBuildFile; fileRef = D18082CB26F0047300453947 /* WeatherNOW.swift */; };
		D18082CE26F0049B00453947 /* WeatherModel.swift in Sources */ = {isa = PBXBuildFile; fileRef = D18082CD26F0049B00453947 /* WeatherModel.swift */; };
		D18082D026F2972F00453947 /* CurrentView.swift in Sources */ = {isa = PBXBuildFile; fileRef = D18082CF26F2972F00453947 /* CurrentView.swift */; };
		D18082D226F30AF700453947 /* CardView.swift in Sources */ = {isa = PBXBuildFile; fileRef = D18082D126F30AF700453947 /* CardView.swift */; };
		D18082D426F3ACEA00453947 /* CardDetailView.swift in Sources */ = {isa = PBXBuildFile; fileRef = D18082D326F3ACEA00453947 /* CardDetailView.swift */; };
		D18082D626F51C6C00453947 /* DailyView.swift in Sources */ = {isa = PBXBuildFile; fileRef = D18082D526F51C6C00453947 /* DailyView.swift */; };
		D18082D826F51F3D00453947 /* DayRowView.swift in Sources */ = {isa = PBXBuildFile; fileRef = D18082D726F51F3D00453947 /* DayRowView.swift */; };
		D18082DA26F52C5C00453947 /* DayDetailView.swift in Sources */ = {isa = PBXBuildFile; fileRef = D18082D926F52C5C00453947 /* DayDetailView.swift */; };
		D18082DC26F6814200453947 /* DayCard.swift in Sources */ = {isa = PBXBuildFile; fileRef = D18082DB26F6814200453947 /* DayCard.swift */; };
/* End PBXBuildFile section */

/* Begin PBXFileReference section */
		D18082B326EBEC7E00453947 /* WeatherNOW.app */ = {isa = PBXFileReference; explicitFileType = wrapper.application; includeInIndex = 0; path = WeatherNOW.app; sourceTree = BUILT_PRODUCTS_DIR; };
		D18082B626EBEC7E00453947 /* WeatherNOWApp.swift */ = {isa = PBXFileReference; lastKnownFileType = sourcecode.swift; path = WeatherNOWApp.swift; sourceTree = "<group>"; };
		D18082B826EBEC7E00453947 /* ContentView.swift */ = {isa = PBXFileReference; lastKnownFileType = sourcecode.swift; path = ContentView.swift; sourceTree = "<group>"; };
		D18082BA26EBEC8000453947 /* Assets.xcassets */ = {isa = PBXFileReference; lastKnownFileType = folder.assetcatalog; path = Assets.xcassets; sourceTree = "<group>"; };
		D18082BD26EBEC8000453947 /* Preview Assets.xcassets */ = {isa = PBXFileReference; lastKnownFileType = folder.assetcatalog; path = "Preview Assets.xcassets"; sourceTree = "<group>"; };
		D18082BF26EBEC8000453947 /* Info.plist */ = {isa = PBXFileReference; lastKnownFileType = text.plist.xml; path = Info.plist; sourceTree = "<group>"; };
		D18082CB26F0047300453947 /* WeatherNOW.swift */ = {isa = PBXFileReference; lastKnownFileType = sourcecode.swift; path = WeatherNOW.swift; sourceTree = "<group>"; };
		D18082CD26F0049B00453947 /* WeatherModel.swift */ = {isa = PBXFileReference; lastKnownFileType = sourcecode.swift; path = WeatherModel.swift; sourceTree = "<group>"; };
		D18082CF26F2972F00453947 /* CurrentView.swift */ = {isa = PBXFileReference; lastKnownFileType = sourcecode.swift; path = CurrentView.swift; sourceTree = "<group>"; };
		D18082D126F30AF700453947 /* CardView.swift */ = {isa = PBXFileReference; lastKnownFileType = sourcecode.swift; path = CardView.swift; sourceTree = "<group>"; };
		D18082D326F3ACEA00453947 /* CardDetailView.swift */ = {isa = PBXFileReference; lastKnownFileType = sourcecode.swift; path = CardDetailView.swift; sourceTree = "<group>"; };
		D18082D526F51C6C00453947 /* DailyView.swift */ = {isa = PBXFileReference; lastKnownFileType = sourcecode.swift; path = DailyView.swift; sourceTree = "<group>"; };
		D18082D726F51F3D00453947 /* DayRowView.swift */ = {isa = PBXFileReference; lastKnownFileType = sourcecode.swift; path = DayRowView.swift; sourceTree = "<group>"; };
		D18082D926F52C5C00453947 /* DayDetailView.swift */ = {isa = PBXFileReference; lastKnownFileType = sourcecode.swift; path = DayDetailView.swift; sourceTree = "<group>"; };
		D18082DB26F6814200453947 /* DayCard.swift */ = {isa = PBXFileReference; lastKnownFileType = sourcecode.swift; path = DayCard.swift; sourceTree = "<group>"; };
/* End PBXFileReference section */

/* Begin PBXFrameworksBuildPhase section */
		D18082B026EBEC7E00453947 /* Frameworks */ = {
			isa = PBXFrameworksBuildPhase;
			buildActionMask = 2147483647;
			files = (
			);
			runOnlyForDeploymentPostprocessing = 0;
		};
/* End PBXFrameworksBuildPhase section */

/* Begin PBXGroup section */
		D18082AA26EBEC7E00453947 = {
			isa = PBXGroup;
			children = (
				D18082B526EBEC7E00453947 /* WeatherNOW */,
				D18082B426EBEC7E00453947 /* Products */,
			);
			sourceTree = "<group>";
		};
		D18082B426EBEC7E00453947 /* Products */ = {
			isa = PBXGroup;
			children = (
				D18082B326EBEC7E00453947 /* WeatherNOW.app */,
			);
			name = Products;
			sourceTree = "<group>";
		};
		D18082B526EBEC7E00453947 /* WeatherNOW */ = {
			isa = PBXGroup;
			children = (
				D18082B626EBEC7E00453947 /* WeatherNOWApp.swift */,
				D18082C726EBF05100453947 /* Models */,
				D18082C626EBF04C00453947 /* ViewModels */,
				D18082C526EBF04100453947 /* Views */,
				D18082C826F001A500453947 /* Helper */,
				D18082BA26EBEC8000453947 /* Assets.xcassets */,
				D18082BF26EBEC8000453947 /* Info.plist */,
				D18082BC26EBEC8000453947 /* Preview Content */,
			);
			path = WeatherNOW;
			sourceTree = "<group>";
		};
		D18082BC26EBEC8000453947 /* Preview Content */ = {
			isa = PBXGroup;
			children = (
				D18082BD26EBEC8000453947 /* Preview Assets.xcassets */,
			);
			path = "Preview Content";
			sourceTree = "<group>";
		};
		D18082C526EBF04100453947 /* Views */ = {
			isa = PBXGroup;
			children = (
				D18082B826EBEC7E00453947 /* ContentView.swift */,
				D18082D526F51C6C00453947 /* DailyView.swift */,
				D18082D726F51F3D00453947 /* DayRowView.swift */,
				D18082D926F52C5C00453947 /* DayDetailView.swift */,
				D18082DB26F6814200453947 /* DayCard.swift */,
				D18082CF26F2972F00453947 /* CurrentView.swift */,
				D18082D126F30AF700453947 /* CardView.swift */,
				D18082D326F3ACEA00453947 /* CardDetailView.swift */,
			);
			path = Views;
			sourceTree = "<group>";
		};
		D18082C626EBF04C00453947 /* ViewModels */ = {
			isa = PBXGroup;
			children = (
				D18082CD26F0049B00453947 /* WeatherModel.swift */,
			);
			path = ViewModels;
			sourceTree = "<group>";
		};
		D18082C726EBF05100453947 /* Models */ = {
			isa = PBXGroup;
			children = (
				D18082CB26F0047300453947 /* WeatherNOW.swift */,
			);
			path = Models;
			sourceTree = "<group>";
		};
		D18082C826F001A500453947 /* Helper */ = {
			isa = PBXGroup;
			children = (
			);
			path = Helper;
			sourceTree = "<group>";
		};
/* End PBXGroup section */

/* Begin PBXNativeTarget section */
		D18082B226EBEC7E00453947 /* WeatherNOW */ = {
			isa = PBXNativeTarget;
			buildConfigurationList = D18082C226EBEC8000453947 /* Build configuration list for PBXNativeTarget "WeatherNOW" */;
			buildPhases = (
				D18082AF26EBEC7E00453947 /* Sources */,
				D18082B026EBEC7E00453947 /* Frameworks */,
				D18082B126EBEC7E00453947 /* Resources */,
			);
			buildRules = (
			);
			dependencies = (
			);
			name = WeatherNOW;
			productName = WeatherNOW;
			productReference = D18082B326EBEC7E00453947 /* WeatherNOW.app */;
			productType = "com.apple.product-type.application";
		};
/* End PBXNativeTarget section */

/* Begin PBXProject section */
		D18082AB26EBEC7E00453947 /* Project object */ = {
			isa = PBXProject;
			attributes = {
				LastSwiftUpdateCheck = 1250;
				LastUpgradeCheck = 1250;
				TargetAttributes = {
					D18082B226EBEC7E00453947 = {
						CreatedOnToolsVersion = 12.5.1;
					};
				};
			};
			buildConfigurationList = D18082AE26EBEC7E00453947 /* Build configuration list for PBXProject "WeatherNOW" */;
			compatibilityVersion = "Xcode 9.3";
			developmentRegion = en;
			hasScannedForEncodings = 0;
			knownRegions = (
				en,
				Base,
			);
			mainGroup = D18082AA26EBEC7E00453947;
			productRefGroup = D18082B426EBEC7E00453947 /* Products */;
			projectDirPath = "";
			projectRoot = "";
			targets = (
				D18082B226EBEC7E00453947 /* WeatherNOW */,
			);
		};
/* End PBXProject section */

/* Begin PBXResourcesBuildPhase section */
		D18082B126EBEC7E00453947 /* Resources */ = {
			isa = PBXResourcesBuildPhase;
			buildActionMask = 2147483647;
			files = (
				D18082BE26EBEC8000453947 /* Preview Assets.xcassets in Resources */,
				D18082BB26EBEC8000453947 /* Assets.xcassets in Resources */,
			);
			runOnlyForDeploymentPostprocessing = 0;
		};
/* End PBXResourcesBuildPhase section */

/* Begin PBXSourcesBuildPhase section */
		D18082AF26EBEC7E00453947 /* Sources */ = {
			isa = PBXSourcesBuildPhase;
			buildActionMask = 2147483647;
			files = (
				D18082DC26F6814200453947 /* DayCard.swift in Sources */,
				D18082DA26F52C5C00453947 /* DayDetailView.swift in Sources */,
				D18082D826F51F3D00453947 /* DayRowView.swift in Sources */,
				D18082D626F51C6C00453947 /* DailyView.swift in Sources */,
				D18082D226F30AF700453947 /* CardView.swift in Sources */,
				D18082CC26F0047300453947 /* WeatherNOW.swift in Sources */,
				D18082B926EBEC7E00453947 /* ContentView.swift in Sources */,
				D18082B726EBEC7E00453947 /* WeatherNOWApp.swift in Sources */,
				D18082D026F2972F00453947 /* CurrentView.swift in Sources */,
				D18082CE26F0049B00453947 /* WeatherModel.swift in Sources */,
				D18082D426F3ACEA00453947 /* CardDetailView.swift in Sources */,
			);
			runOnlyForDeploymentPostprocessing = 0;
		};
/* End PBXSourcesBuildPhase section */

/* Begin XCBuildConfiguration section */
		D18082C026EBEC8000453947 /* Debug */ = {
			isa = XCBuildConfiguration;
			buildSettings = {
				ALWAYS_SEARCH_USER_PATHS = NO;
				CLANG_ANALYZER_NONNULL = YES;
				CLANG_ANALYZER_NUMBER_OBJECT_CONVERSION = YES_AGGRESSIVE;
				CLANG_CXX_LANGUAGE_STANDARD = "gnu++14";
				CLANG_CXX_LIBRARY = "libc++";
				CLANG_ENABLE_MODULES = YES;
				CLANG_ENABLE_OBJC_ARC = YES;
				CLANG_ENABLE_OBJC_WEAK = YES;
				CLANG_WARN_BLOCK_CAPTURE_AUTORELEASING = YES;
				CLANG_WARN_BOOL_CONVERSION = YES;
				CLANG_WARN_COMMA = YES;
				CLANG_WARN_CONSTANT_CONVERSION = YES;
				CLANG_WARN_DEPRECATED_OBJC_IMPLEMENTATIONS = YES;
				CLANG_WARN_DIRECT_OBJC_ISA_USAGE = YES_ERROR;
				CLANG_WARN_DOCUMENTATION_COMMENTS = YES;
				CLANG_WARN_EMPTY_BODY = YES;
				CLANG_WARN_ENUM_CONVERSION = YES;
				CLANG_WARN_INFINITE_RECURSION = YES;
				CLANG_WARN_INT_CONVERSION = YES;
				CLANG_WARN_NON_LITERAL_NULL_CONVERSION = YES;
				CLANG_WARN_OBJC_IMPLICIT_RETAIN_SELF = YES;
				CLANG_WARN_OBJC_LITERAL_CONVERSION = YES;
				CLANG_WARN_OBJC_ROOT_CLASS = YES_ERROR;
				CLANG_WARN_QUOTED_INCLUDE_IN_FRAMEWORK_HEADER = YES;
				CLANG_WARN_RANGE_LOOP_ANALYSIS = YES;
				CLANG_WARN_STRICT_PROTOTYPES = YES;
				CLANG_WARN_SUSPICIOUS_MOVE = YES;
				CLANG_WARN_UNGUARDED_AVAILABILITY = YES_AGGRESSIVE;
				CLANG_WARN_UNREACHABLE_CODE = YES;
				CLANG_WARN__DUPLICATE_METHOD_MATCH = YES;
				COPY_PHASE_STRIP = NO;
				DEBUG_INFORMATION_FORMAT = dwarf;
				ENABLE_STRICT_OBJC_MSGSEND = YES;
				ENABLE_TESTABILITY = YES;
				GCC_C_LANGUAGE_STANDARD = gnu11;
				GCC_DYNAMIC_NO_PIC = NO;
				GCC_NO_COMMON_BLOCKS = YES;
				GCC_OPTIMIZATION_LEVEL = 0;
				GCC_PREPROCESSOR_DEFINITIONS = (
					"DEBUG=1",
					"$(inherited)",
				);
				GCC_WARN_64_TO_32_BIT_CONVERSION = YES;
				GCC_WARN_ABOUT_RETURN_TYPE = YES_ERROR;
				GCC_WARN_UNDECLARED_SELECTOR = YES;
				GCC_WARN_UNINITIALIZED_AUTOS = YES_AGGRESSIVE;
				GCC_WARN_UNUSED_FUNCTION = YES;
				GCC_WARN_UNUSED_VARIABLE = YES;
				IPHONEOS_DEPLOYMENT_TARGET = 14.5;
				MTL_ENABLE_DEBUG_INFO = INCLUDE_SOURCE;
				MTL_FAST_MATH = YES;
				ONLY_ACTIVE_ARCH = YES;
				SDKROOT = iphoneos;
				SWIFT_ACTIVE_COMPILATION_CONDITIONS = DEBUG;
				SWIFT_OPTIMIZATION_LEVEL = "-Onone";
			};
			name = Debug;
		};
		D18082C126EBEC8000453947 /* Release */ = {
			isa = XCBuildConfiguration;
			buildSettings = {
				ALWAYS_SEARCH_USER_PATHS = NO;
				CLANG_ANALYZER_NONNULL = YES;
				CLANG_ANALYZER_NUMBER_OBJECT_CONVERSION = YES_AGGRESSIVE;
				CLANG_CXX_LANGUAGE_STANDARD = "gnu++14";
				CLANG_CXX_LIBRARY = "libc++";
				CLANG_ENABLE_MODULES = YES;
				CLANG_ENABLE_OBJC_ARC = YES;
				CLANG_ENABLE_OBJC_WEAK = YES;
				CLANG_WARN_BLOCK_CAPTURE_AUTORELEASING = YES;
				CLANG_WARN_BOOL_CONVERSION = YES;
				CLANG_WARN_COMMA = YES;
				CLANG_WARN_CONSTANT_CONVERSION = YES;
				CLANG_WARN_DEPRECATED_OBJC_IMPLEMENTATIONS = YES;
				CLANG_WARN_DIRECT_OBJC_ISA_USAGE = YES_ERROR;
				CLANG_WARN_DOCUMENTATION_COMMENTS = YES;
				CLANG_WARN_EMPTY_BODY = YES;
				CLANG_WARN_ENUM_CONVERSION = YES;
				CLANG_WARN_INFINITE_RECURSION = YES;
				CLANG_WARN_INT_CONVERSION = YES;
				CLANG_WARN_NON_LITERAL_NULL_CONVERSION = YES;
				CLANG_WARN_OBJC_IMPLICIT_RETAIN_SELF = YES;
				CLANG_WARN_OBJC_LITERAL_CONVERSION = YES;
				CLANG_WARN_OBJC_ROOT_CLASS = YES_ERROR;
				CLANG_WARN_QUOTED_INCLUDE_IN_FRAMEWORK_HEADER = YES;
				CLANG_WARN_RANGE_LOOP_ANALYSIS = YES;
				CLANG_WARN_STRICT_PROTOTYPES = YES;
				CLANG_WARN_SUSPICIOUS_MOVE = YES;
				CLANG_WARN_UNGUARDED_AVAILABILITY = YES_AGGRESSIVE;
				CLANG_WARN_UNREACHABLE_CODE = YES;
				CLANG_WARN__DUPLICATE_METHOD_MATCH = YES;
				COPY_PHASE_STRIP = NO;
				DEBUG_INFORMATION_FORMAT = "dwarf-with-dsym";
				ENABLE_NS_ASSERTIONS = NO;
				ENABLE_STRICT_OBJC_MSGSEND = YES;
				GCC_C_LANGUAGE_STANDARD = gnu11;
				GCC_NO_COMMON_BLOCKS = YES;
				GCC_WARN_64_TO_32_BIT_CONVERSION = YES;
				GCC_WARN_ABOUT_RETURN_TYPE = YES_ERROR;
				GCC_WARN_UNDECLARED_SELECTOR = YES;
				GCC_WARN_UNINITIALIZED_AUTOS = YES_AGGRESSIVE;
				GCC_WARN_UNUSED_FUNCTION = YES;
				GCC_WARN_UNUSED_VARIABLE = YES;
				IPHONEOS_DEPLOYMENT_TARGET = 14.5;
				MTL_ENABLE_DEBUG_INFO = NO;
				MTL_FAST_MATH = YES;
				SDKROOT = iphoneos;
				SWIFT_COMPILATION_MODE = wholemodule;
				SWIFT_OPTIMIZATION_LEVEL = "-O";
				VALIDATE_PRODUCT = YES;
			};
			name = Release;
		};
		D18082C326EBEC8000453947 /* Debug */ = {
			isa = XCBuildConfiguration;
			buildSettings = {
				ASSETCATALOG_COMPILER_APPICON_NAME = AppIcon;
				ASSETCATALOG_COMPILER_GLOBAL_ACCENT_COLOR_NAME = AccentColor;
				CODE_SIGN_STYLE = Automatic;
				DEVELOPMENT_ASSET_PATHS = "\"WeatherNOW/Preview Content\"";
				DEVELOPMENT_TEAM = BW795924U6;
				ENABLE_PREVIEWS = YES;
				INFOPLIST_FILE = WeatherNOW/Info.plist;
				IPHONEOS_DEPLOYMENT_TARGET = 14.0;
				LD_RUNPATH_SEARCH_PATHS = (
					"$(inherited)",
					"@executable_path/Frameworks",
				);
				PRODUCT_BUNDLE_IDENTIFIER = dhavalsharma.WeatherNOW;
				PRODUCT_NAME = "$(TARGET_NAME)";
				SWIFT_VERSION = 5.0;
				TARGETED_DEVICE_FAMILY = 1;
			};
			name = Debug;
		};
		D18082C426EBEC8000453947 /* Release */ = {
			isa = XCBuildConfiguration;
			buildSettings = {
				ASSETCATALOG_COMPILER_APPICON_NAME = AppIcon;
				ASSETCATALOG_COMPILER_GLOBAL_ACCENT_COLOR_NAME = AccentColor;
				CODE_SIGN_STYLE = Automatic;
				DEVELOPMENT_ASSET_PATHS = "\"WeatherNOW/Preview Content\"";
				DEVELOPMENT_TEAM = BW795924U6;
				ENABLE_PREVIEWS = YES;
				INFOPLIST_FILE = WeatherNOW/Info.plist;
				IPHONEOS_DEPLOYMENT_TARGET = 14.0;
				LD_RUNPATH_SEARCH_PATHS = (
					"$(inherited)",
					"@executable_path/Frameworks",
				);
				PRODUCT_BUNDLE_IDENTIFIER = dhavalsharma.WeatherNOW;
				PRODUCT_NAME = "$(TARGET_NAME)";
				SWIFT_VERSION = 5.0;
				TARGETED_DEVICE_FAMILY = 1;
			};
			name = Release;
		};
/* End XCBuildConfiguration section */

/* Begin XCConfigurationList section */
		D18082AE26EBEC7E00453947 /* Build configuration list for PBXProject "WeatherNOW" */ = {
			isa = XCConfigurationList;
			buildConfigurations = (
				D18082C026EBEC8000453947 /* Debug */,
				D18082C126EBEC8000453947 /* Release */,
			);
			defaultConfigurationIsVisible = 0;
			defaultConfigurationName = Release;
		};
		D18082C226EBEC8000453947 /* Build configuration list for PBXNativeTarget "WeatherNOW" */ = {
			isa = XCConfigurationList;
			buildConfigurations = (
				D18082C326EBEC8000453947 /* Debug */,
				D18082C426EBEC8000453947 /* Release */,
			);
			defaultConfigurationIsVisible = 0;
			defaultConfigurationName = Release;
		};
/* End XCConfigurationList section */
	};
	rootObject = D18082AB26EBEC7E00453947 /* Project object */;
}
